
Microsoft Visual Studio Solution File, Format Version 12.00
# Visual Studio 15
VisualStudioVersion = 15.0.27004.2005
MinimumVisualStudioVersion = 10.0.40219.1
Project("{FAE04EC0-301F-11D3-BF4B-00C04F79EFBC}") = "GizMeteoWpf", "GizMeteoWpf\GizMeteoWpf.csproj", "{0C68D0CD-0A2F-4937-BEA1-3B26CE9D0400}"
EndProject
Global
	GlobalSection(SolutionConfigurationPlatforms) = preSolution
		Debug|Any CPU = Debug|Any CPU
		Release|Any CPU = Release|Any CPU
	EndGlobalSection
	GlobalSection(ProjectConfigurationPlatforms) = postSolution
		{0C68D0CD-0A2F-4937-BEA1-3B26CE9D0400}.Debug|Any CPU.ActiveCfg = Debug|Any CPU
		{0C68D0CD-0A2F-4937-BEA1-3B26CE9D0400}.Debug|Any CPU.Build.0 = Debug|Any CPU
		{0C68D0CD-0A2F-4937-BEA1-3B26CE9D0400}.Release|Any CPU.ActiveCfg = Release|Any CPU
		{0C68D0CD-0A2F-4937-BEA1-3B26CE9D0400}.Release|Any CPU.Build.0 = Release|Any CPU
	EndGlobalSection
	GlobalSection(SolutionProperties) = preSolution
		HideSolutionNode = FALSE
	EndGlobalSection
	GlobalSection(ExtensibilityGlobals) = postSolution
		SolutionGuid = {711DB80E-6738-4483-B844-34785F09CEB7}
	EndGlobalSection
EndGlobal
